// !$*UTF8*$!
{
	archiveVersion = 1;
	classes = {
	};
	objectVersion = 56;
	objects = {

/* Begin PBXBuildFile section */
		D408C4992C93DFC6001464E7 /* AppDelegate.swift in Sources */ = {isa = PBXBuildFile; fileRef = D408C4982C93DFC6001464E7 /* AppDelegate.swift */; };
		D408C49B2C93DFC6001464E7 /* SceneDelegate.swift in Sources */ = {isa = PBXBuildFile; fileRef = D408C49A2C93DFC6001464E7 /* SceneDelegate.swift */; };
		D408C49D2C93DFC6001464E7 /* SimpleListViewController.swift in Sources */ = {isa = PBXBuildFile; fileRef = D408C49C2C93DFC6001464E7 /* SimpleListViewController.swift */; };
		D408C4A22C93DFC7001464E7 /* Assets.xcassets in Resources */ = {isa = PBXBuildFile; fileRef = D408C4A12C93DFC7001464E7 /* Assets.xcassets */; };
		D408C4A52C93DFC7001464E7 /* Base in Resources */ = {isa = PBXBuildFile; fileRef = D408C4A42C93DFC7001464E7 /* Base */; };
		D408C4AE2C93E08D001464E7 /* SnapKit in Frameworks */ = {isa = PBXBuildFile; productRef = D408C4AD2C93E08D001464E7 /* SnapKit */; };
		D408C4B02C93F143001464E7 /* Dummy.swift in Sources */ = {isa = PBXBuildFile; fileRef = D408C4AF2C93F143001464E7 /* Dummy.swift */; };
		D408C4B22C94198D001464E7 /* ATypeCell.swift in Sources */ = {isa = PBXBuildFile; fileRef = D408C4B12C94198D001464E7 /* ATypeCell.swift */; };
		D408C4B72C941B12001464E7 /* Item.swift in Sources */ = {isa = PBXBuildFile; fileRef = D408C4B62C941B12001464E7 /* Item.swift */; };
		D408C4BA2C941CD4001464E7 /* NSObject+Ex.swift in Sources */ = {isa = PBXBuildFile; fileRef = D408C4B92C941CD4001464E7 /* NSObject+Ex.swift */; };
/* End PBXBuildFile section */

/* Begin PBXFileReference section */
		D408C4952C93DFC6001464E7 /* CollectionViewPractice.app */ = {isa = PBXFileReference; explicitFileType = wrapper.application; includeInIndex = 0; path = CollectionViewPractice.app; sourceTree = BUILT_PRODUCTS_DIR; };
		D408C4982C93DFC6001464E7 /* AppDelegate.swift */ = {isa = PBXFileReference; lastKnownFileType = sourcecode.swift; path = AppDelegate.swift; sourceTree = "<group>"; };
		D408C49A2C93DFC6001464E7 /* SceneDelegate.swift */ = {isa = PBXFileReference; lastKnownFileType = sourcecode.swift; path = SceneDelegate.swift; sourceTree = "<group>"; };
		D408C49C2C93DFC6001464E7 /* SimpleListViewController.swift */ = {isa = PBXFileReference; lastKnownFileType = sourcecode.swift; path = SimpleListViewController.swift; sourceTree = "<group>"; };
		D408C4A12C93DFC7001464E7 /* Assets.xcassets */ = {isa = PBXFileReference; lastKnownFileType = folder.assetcatalog; path = Assets.xcassets; sourceTree = "<group>"; };
		D408C4A42C93DFC7001464E7 /* Base */ = {isa = PBXFileReference; lastKnownFileType = file.storyboard; name = Base; path = Base.lproj/LaunchScreen.storyboard; sourceTree = "<group>"; };
		D408C4A62C93DFC7001464E7 /* Info.plist */ = {isa = PBXFileReference; lastKnownFileType = text.plist.xml; path = Info.plist; sourceTree = "<group>"; };
		D408C4AF2C93F143001464E7 /* Dummy.swift */ = {isa = PBXFileReference; lastKnownFileType = sourcecode.swift; path = Dummy.swift; sourceTree = "<group>"; };
		D408C4B12C94198D001464E7 /* ATypeCell.swift */ = {isa = PBXFileReference; lastKnownFileType = sourcecode.swift; path = ATypeCell.swift; sourceTree = "<group>"; };
		D408C4B62C941B12001464E7 /* Item.swift */ = {isa = PBXFileReference; lastKnownFileType = sourcecode.swift; path = Item.swift; sourceTree = "<group>"; };
		D408C4B92C941CD4001464E7 /* NSObject+Ex.swift */ = {isa = PBXFileReference; lastKnownFileType = sourcecode.swift; path = "NSObject+Ex.swift"; sourceTree = "<group>"; };
/* End PBXFileReference section */

/* Begin PBXFrameworksBuildPhase section */
		D408C4922C93DFC6001464E7 /* Frameworks */ = {
			isa = PBXFrameworksBuildPhase;
			buildActionMask = 2147483647;
			files = (
				D408C4AE2C93E08D001464E7 /* SnapKit in Frameworks */,
			);
			runOnlyForDeploymentPostprocessing = 0;
		};
/* End PBXFrameworksBuildPhase section */

/* Begin PBXGroup section */
		D408C48C2C93DFC6001464E7 = {
			isa = PBXGroup;
			children = (
				D408C4972C93DFC6001464E7 /* CollectionViewPractice */,
				D408C4962C93DFC6001464E7 /* Products */,
			);
			sourceTree = "<group>";
		};
		D408C4962C93DFC6001464E7 /* Products */ = {
			isa = PBXGroup;
			children = (
				D408C4952C93DFC6001464E7 /* CollectionViewPractice.app */,
			);
			name = Products;
			sourceTree = "<group>";
		};
		D408C4972C93DFC6001464E7 /* CollectionViewPractice */ = {
			isa = PBXGroup;
			children = (
				D408C4982C93DFC6001464E7 /* AppDelegate.swift */,
				D408C49A2C93DFC6001464E7 /* SceneDelegate.swift */,
				D408C4B52C94199D001464E7 /* SimpleList */,
				D408C4B82C941CC2001464E7 /* Extensions */,
				D408C4A12C93DFC7001464E7 /* Assets.xcassets */,
				D408C4A32C93DFC7001464E7 /* LaunchScreen.storyboard */,
				D408C4A62C93DFC7001464E7 /* Info.plist */,
			);
			path = CollectionViewPractice;
			sourceTree = "<group>";
		};
		D408C4B52C94199D001464E7 /* SimpleList */ = {
			isa = PBXGroup;
			children = (
				D408C49C2C93DFC6001464E7 /* SimpleListViewController.swift */,
				D408C4B62C941B12001464E7 /* Item.swift */,
				D408C4B12C94198D001464E7 /* ATypeCell.swift */,
				D408C4AF2C93F143001464E7 /* Dummy.swift */,
			);
			path = SimpleList;
			sourceTree = "<group>";
		};
		D408C4B82C941CC2001464E7 /* Extensions */ = {
			isa = PBXGroup;
			children = (
				D408C4B92C941CD4001464E7 /* NSObject+Ex.swift */,
			);
			path = Extensions;
			sourceTree = "<group>";
		};
/* End PBXGroup section */

/* Begin PBXNativeTarget section */
		D408C4942C93DFC6001464E7 /* CollectionViewPractice */ = {
			isa = PBXNativeTarget;
			buildConfigurationList = D408C4A92C93DFC7001464E7 /* Build configuration list for PBXNativeTarget "CollectionViewPractice" */;
			buildPhases = (
				D408C4912C93DFC6001464E7 /* Sources */,
				D408C4922C93DFC6001464E7 /* Frameworks */,
				D408C4932C93DFC6001464E7 /* Resources */,
			);
			buildRules = (
			);
			dependencies = (
			);
			name = CollectionViewPractice;
			packageProductDependencies = (
				D408C4AD2C93E08D001464E7 /* SnapKit */,
			);
			productName = CollectionViewPractice;
			productReference = D408C4952C93DFC6001464E7 /* CollectionViewPractice.app */;
			productType = "com.apple.product-type.application";
		};
/* End PBXNativeTarget section */

/* Begin PBXProject section */
		D408C48D2C93DFC6001464E7 /* Project object */ = {
			isa = PBXProject;
			attributes = {
				BuildIndependentTargetsInParallel = 1;
				LastSwiftUpdateCheck = 1540;
				LastUpgradeCheck = 1540;
				TargetAttributes = {
					D408C4942C93DFC6001464E7 = {
						CreatedOnToolsVersion = 15.4;
					};
				};
			};
			buildConfigurationList = D408C4902C93DFC6001464E7 /* Build configuration list for PBXProject "CollectionViewPractice" */;
			compatibilityVersion = "Xcode 14.0";
			developmentRegion = en;
			hasScannedForEncodings = 0;
			knownRegions = (
				en,
				Base,
			);
			mainGroup = D408C48C2C93DFC6001464E7;
			packageReferences = (
				D408C4AC2C93E08D001464E7 /* XCRemoteSwiftPackageReference "SnapKit" */,
			);
			productRefGroup = D408C4962C93DFC6001464E7 /* Products */;
			projectDirPath = "";
			projectRoot = "";
			targets = (
				D408C4942C93DFC6001464E7 /* CollectionViewPractice */,
			);
		};
/* End PBXProject section */

/* Begin PBXResourcesBuildPhase section */
		D408C4932C93DFC6001464E7 /* Resources */ = {
			isa = PBXResourcesBuildPhase;
			buildActionMask = 2147483647;
			files = (
				D408C4A22C93DFC7001464E7 /* Assets.xcassets in Resources */,
				D408C4A52C93DFC7001464E7 /* Base in Resources */,
			);
			runOnlyForDeploymentPostprocessing = 0;
		};
/* End PBXResourcesBuildPhase section */

/* Begin PBXSourcesBuildPhase section */
		D408C4912C93DFC6001464E7 /* Sources */ = {
			isa = PBXSourcesBuildPhase;
			buildActionMask = 2147483647;
			files = (
				D408C4B02C93F143001464E7 /* Dummy.swift in Sources */,
				D408C49D2C93DFC6001464E7 /* SimpleListViewController.swift in Sources */,
				D408C4B22C94198D001464E7 /* ATypeCell.swift in Sources */,
				D408C4992C93DFC6001464E7 /* AppDelegate.swift in Sources */,
				D408C4BA2C941CD4001464E7 /* NSObject+Ex.swift in Sources */,
				D408C4B72C941B12001464E7 /* Item.swift in Sources */,
				D408C49B2C93DFC6001464E7 /* SceneDelegate.swift in Sources */,
			);
			runOnlyForDeploymentPostprocessing = 0;
		};
/* End PBXSourcesBuildPhase section */

/* Begin PBXVariantGroup section */
		D408C4A32C93DFC7001464E7 /* LaunchScreen.storyboard */ = {
			isa = PBXVariantGroup;
			children = (
				D408C4A42C93DFC7001464E7 /* Base */,
			);
			name = LaunchScreen.storyboard;
			sourceTree = "<group>";
		};
/* End PBXVariantGroup section */

/* Begin XCBuildConfiguration section */
		D408C4A72C93DFC7001464E7 /* Debug */ = {
			isa = XCBuildConfiguration;
			buildSettings = {
				ALWAYS_SEARCH_USER_PATHS = NO;
				ASSETCATALOG_COMPILER_GENERATE_SWIFT_ASSET_SYMBOL_EXTENSIONS = YES;
				CLANG_ANALYZER_NONNULL = YES;
				CLANG_ANALYZER_NUMBER_OBJECT_CONVERSION = YES_AGGRESSIVE;
				CLANG_CXX_LANGUAGE_STANDARD = "gnu++20";
				CLANG_ENABLE_MODULES = YES;
				CLANG_ENABLE_OBJC_ARC = YES;
				CLANG_ENABLE_OBJC_WEAK = YES;
				CLANG_WARN_BLOCK_CAPTURE_AUTORELEASING = YES;
				CLANG_WARN_BOOL_CONVERSION = YES;
				CLANG_WARN_COMMA = YES;
				CLANG_WARN_CONSTANT_CONVERSION = YES;
				CLANG_WARN_DEPRECATED_OBJC_IMPLEMENTATIONS = YES;
				CLANG_WARN_DIRECT_OBJC_ISA_USAGE = YES_ERROR;
				CLANG_WARN_DOCUMENTATION_COMMENTS = YES;
				CLANG_WARN_EMPTY_BODY = YES;
				CLANG_WARN_ENUM_CONVERSION = YES;
				CLANG_WARN_INFINITE_RECURSION = YES;
				CLANG_WARN_INT_CONVERSION = YES;
				CLANG_WARN_NON_LITERAL_NULL_CONVERSION = YES;
				CLANG_WARN_OBJC_IMPLICIT_RETAIN_SELF = YES;
				CLANG_WARN_OBJC_LITERAL_CONVERSION = YES;
				CLANG_WARN_OBJC_ROOT_CLASS = YES_ERROR;
				CLANG_WARN_QUOTED_INCLUDE_IN_FRAMEWORK_HEADER = YES;
				CLANG_WARN_RANGE_LOOP_ANALYSIS = YES;
				CLANG_WARN_STRICT_PROTOTYPES = YES;
				CLANG_WARN_SUSPICIOUS_MOVE = YES;
				CLANG_WARN_UNGUARDED_AVAILABILITY = YES_AGGRESSIVE;
				CLANG_WARN_UNREACHABLE_CODE = YES;
				CLANG_WARN__DUPLICATE_METHOD_MATCH = YES;
				COPY_PHASE_STRIP = NO;
				DEBUG_INFORMATION_FORMAT = dwarf;
				ENABLE_STRICT_OBJC_MSGSEND = YES;
				ENABLE_TESTABILITY = YES;
				ENABLE_USER_SCRIPT_SANDBOXING = YES;
				GCC_C_LANGUAGE_STANDARD = gnu17;
				GCC_DYNAMIC_NO_PIC = NO;
				GCC_NO_COMMON_BLOCKS = YES;
				GCC_OPTIMIZATION_LEVEL = 0;
				GCC_PREPROCESSOR_DEFINITIONS = (
					"DEBUG=1",
					"$(inherited)",
				);
				GCC_WARN_64_TO_32_BIT_CONVERSION = YES;
				GCC_WARN_ABOUT_RETURN_TYPE = YES_ERROR;
				GCC_WARN_UNDECLARED_SELECTOR = YES;
				GCC_WARN_UNINITIALIZED_AUTOS = YES_AGGRESSIVE;
				GCC_WARN_UNUSED_FUNCTION = YES;
				GCC_WARN_UNUSED_VARIABLE = YES;
				IPHONEOS_DEPLOYMENT_TARGET = 17.5;
				LOCALIZATION_PREFERS_STRING_CATALOGS = YES;
				MTL_ENABLE_DEBUG_INFO = INCLUDE_SOURCE;
				MTL_FAST_MATH = YES;
				ONLY_ACTIVE_ARCH = YES;
				SDKROOT = iphoneos;
				SWIFT_ACTIVE_COMPILATION_CONDITIONS = "DEBUG $(inherited)";
				SWIFT_OPTIMIZATION_LEVEL = "-Onone";
			};
			name = Debug;
		};
		D408C4A82C93DFC7001464E7 /* Release */ = {
			isa = XCBuildConfiguration;
			buildSettings = {
				ALWAYS_SEARCH_USER_PATHS = NO;
				ASSETCATALOG_COMPILER_GENERATE_SWIFT_ASSET_SYMBOL_EXTENSIONS = YES;
				CLANG_ANALYZER_NONNULL = YES;
				CLANG_ANALYZER_NUMBER_OBJECT_CONVERSION = YES_AGGRESSIVE;
				CLANG_CXX_LANGUAGE_STANDARD = "gnu++20";
				CLANG_ENABLE_MODULES = YES;
				CLANG_ENABLE_OBJC_ARC = YES;
				CLANG_ENABLE_OBJC_WEAK = YES;
				CLANG_WARN_BLOCK_CAPTURE_AUTORELEASING = YES;
				CLANG_WARN_BOOL_CONVERSION = YES;
				CLANG_WARN_COMMA = YES;
				CLANG_WARN_CONSTANT_CONVERSION = YES;
				CLANG_WARN_DEPRECATED_OBJC_IMPLEMENTATIONS = YES;
				CLANG_WARN_DIRECT_OBJC_ISA_USAGE = YES_ERROR;
				CLANG_WARN_DOCUMENTATION_COMMENTS = YES;
				CLANG_WARN_EMPTY_BODY = YES;
				CLANG_WARN_ENUM_CONVERSION = YES;
				CLANG_WARN_INFINITE_RECURSION = YES;
				CLANG_WARN_INT_CONVERSION = YES;
				CLANG_WARN_NON_LITERAL_NULL_CONVERSION = YES;
				CLANG_WARN_OBJC_IMPLICIT_RETAIN_SELF = YES;
				CLANG_WARN_OBJC_LITERAL_CONVERSION = YES;
				CLANG_WARN_OBJC_ROOT_CLASS = YES_ERROR;
				CLANG_WARN_QUOTED_INCLUDE_IN_FRAMEWORK_HEADER = YES;
				CLANG_WARN_RANGE_LOOP_ANALYSIS = YES;
				CLANG_WARN_STRICT_PROTOTYPES = YES;
				CLANG_WARN_SUSPICIOUS_MOVE = YES;
				CLANG_WARN_UNGUARDED_AVAILABILITY = YES_AGGRESSIVE;
				CLANG_WARN_UNREACHABLE_CODE = YES;
				CLANG_WARN__DUPLICATE_METHOD_MATCH = YES;
				COPY_PHASE_STRIP = NO;
				DEBUG_INFORMATION_FORMAT = "dwarf-with-dsym";
				ENABLE_NS_ASSERTIONS = NO;
				ENABLE_STRICT_OBJC_MSGSEND = YES;
				ENABLE_USER_SCRIPT_SANDBOXING = YES;
				GCC_C_LANGUAGE_STANDARD = gnu17;
				GCC_NO_COMMON_BLOCKS = YES;
				GCC_WARN_64_TO_32_BIT_CONVERSION = YES;
				GCC_WARN_ABOUT_RETURN_TYPE = YES_ERROR;
				GCC_WARN_UNDECLARED_SELECTOR = YES;
				GCC_WARN_UNINITIALIZED_AUTOS = YES_AGGRESSIVE;
				GCC_WARN_UNUSED_FUNCTION = YES;
				GCC_WARN_UNUSED_VARIABLE = YES;
				IPHONEOS_DEPLOYMENT_TARGET = 17.5;
				LOCALIZATION_PREFERS_STRING_CATALOGS = YES;
				MTL_ENABLE_DEBUG_INFO = NO;
				MTL_FAST_MATH = YES;
				SDKROOT = iphoneos;
				SWIFT_COMPILATION_MODE = wholemodule;
				VALIDATE_PRODUCT = YES;
			};
			name = Release;
		};
		D408C4AA2C93DFC7001464E7 /* Debug */ = {
			isa = XCBuildConfiguration;
			buildSettings = {
				ASSETCATALOG_COMPILER_APPICON_NAME = AppIcon;
				ASSETCATALOG_COMPILER_GLOBAL_ACCENT_COLOR_NAME = AccentColor;
				CODE_SIGN_STYLE = Automatic;
				CURRENT_PROJECT_VERSION = 1;
				DEVELOPMENT_TEAM = NWL6WKXWCJ;
				GENERATE_INFOPLIST_FILE = YES;
				INFOPLIST_FILE = CollectionViewPractice/Info.plist;
				INFOPLIST_KEY_UIApplicationSupportsIndirectInputEvents = YES;
				INFOPLIST_KEY_UILaunchStoryboardName = LaunchScreen;
				INFOPLIST_KEY_UISupportedInterfaceOrientations = UIInterfaceOrientationPortrait;
				INFOPLIST_KEY_UISupportedInterfaceOrientations_iPad = "UIInterfaceOrientationLandscapeLeft UIInterfaceOrientationLandscapeRight UIInterfaceOrientationPortrait UIInterfaceOrientationPortraitUpsideDown";
				IPHONEOS_DEPLOYMENT_TARGET = 15.0;
				LD_RUNPATH_SEARCH_PATHS = (
					"$(inherited)",
					"@executable_path/Frameworks",
				);
				MARKETING_VERSION = 1.0;
				PRODUCT_BUNDLE_IDENTIFIER = com.Ray.CollectionViewPractice;
				PRODUCT_NAME = "$(TARGET_NAME)";
				SUPPORTED_PLATFORMS = "iphoneos iphonesimulator";
				SUPPORTS_MACCATALYST = NO;
				SUPPORTS_MAC_DESIGNED_FOR_IPHONE_IPAD = NO;
				SUPPORTS_XR_DESIGNED_FOR_IPHONE_IPAD = NO;
				SWIFT_EMIT_LOC_STRINGS = YES;
				SWIFT_VERSION = 5.0;
				TARGETED_DEVICE_FAMILY = 1;
			};
			name = Debug;
		};
		D408C4AB2C93DFC7001464E7 /* Release */ = {
			isa = XCBuildConfiguration;
			buildSettings = {
				ASSETCATALOG_COMPILER_APPICON_NAME = AppIcon;
				ASSETCATALOG_COMPILER_GLOBAL_ACCENT_COLOR_NAME = AccentColor;
				CODE_SIGN_STYLE = Automatic;
				CURRENT_PROJECT_VERSION = 1;
				DEVELOPMENT_TEAM = NWL6WKXWCJ;
				GENERATE_INFOPLIST_FILE = YES;
				INFOPLIST_FILE = CollectionViewPractice/Info.plist;
				INFOPLIST_KEY_UIApplicationSupportsIndirectInputEvents = YES;
				INFOPLIST_KEY_UILaunchStoryboardName = LaunchScreen;
				INFOPLIST_KEY_UISupportedInterfaceOrientations = UIInterfaceOrientationPortrait;
				INFOPLIST_KEY_UISupportedInterfaceOrientations_iPad = "UIInterfaceOrientationLandscapeLeft UIInterfaceOrientationLandscapeRight UIInterfaceOrientationPortrait UIInterfaceOrientationPortraitUpsideDown";
				IPHONEOS_DEPLOYMENT_TARGET = 15.0;
				LD_RUNPATH_SEARCH_PATHS = (
					"$(inherited)",
					"@executable_path/Frameworks",
				);
				MARKETING_VERSION = 1.0;
				PRODUCT_BUNDLE_IDENTIFIER = com.Ray.CollectionViewPractice;
				PRODUCT_NAME = "$(TARGET_NAME)";
				SUPPORTED_PLATFORMS = "iphoneos iphonesimulator";
				SUPPORTS_MACCATALYST = NO;
				SUPPORTS_MAC_DESIGNED_FOR_IPHONE_IPAD = NO;
				SUPPORTS_XR_DESIGNED_FOR_IPHONE_IPAD = NO;
				SWIFT_EMIT_LOC_STRINGS = YES;
				SWIFT_VERSION = 5.0;
				TARGETED_DEVICE_FAMILY = 1;
			};
			name = Release;
		};
/* End XCBuildConfiguration section */

/* Begin XCConfigurationList section */
		D408C4902C93DFC6001464E7 /* Build configuration list for PBXProject "CollectionViewPractice" */ = {
			isa = XCConfigurationList;
			buildConfigurations = (
				D408C4A72C93DFC7001464E7 /* Debug */,
				D408C4A82C93DFC7001464E7 /* Release */,
			);
			defaultConfigurationIsVisible = 0;
			defaultConfigurationName = Release;
		};
		D408C4A92C93DFC7001464E7 /* Build configuration list for PBXNativeTarget "CollectionViewPractice" */ = {
			isa = XCConfigurationList;
			buildConfigurations = (
				D408C4AA2C93DFC7001464E7 /* Debug */,
				D408C4AB2C93DFC7001464E7 /* Release */,
			);
			defaultConfigurationIsVisible = 0;
			defaultConfigurationName = Release;
		};
/* End XCConfigurationList section */

/* Begin XCRemoteSwiftPackageReference section */
		D408C4AC2C93E08D001464E7 /* XCRemoteSwiftPackageReference "SnapKit" */ = {
			isa = XCRemoteSwiftPackageReference;
			repositoryURL = "https://github.com/SnapKit/SnapKit.git";
			requirement = {
				kind = upToNextMajorVersion;
				minimumVersion = 5.7.1;
			};
		};
/* End XCRemoteSwiftPackageReference section */

/* Begin XCSwiftPackageProductDependency section */
		D408C4AD2C93E08D001464E7 /* SnapKit */ = {
			isa = XCSwiftPackageProductDependency;
			package = D408C4AC2C93E08D001464E7 /* XCRemoteSwiftPackageReference "SnapKit" */;
			productName = SnapKit;
		};
/* End XCSwiftPackageProductDependency section */
	};
	rootObject = D408C48D2C93DFC6001464E7 /* Project object */;
}
